// !$*UTF8*$!
{
	archiveVersion = 1;
	classes = {
	};
	objectVersion = 46;
	objects = {

/* Begin PBXBuildFile section */
		E536E10519B95518001EC88F /* main.m in Sources */ = {isa = PBXBuildFile; fileRef = E536E10419B95518001EC88F /* main.m */; };
		E536E10819B95518001EC88F /* AppDelegate.m in Sources */ = {isa = PBXBuildFile; fileRef = E536E10719B95518001EC88F /* AppDelegate.m */; };
		E536E10B19B95518001EC88F /* FirstViewController.m in Sources */ = {isa = PBXBuildFile; fileRef = E536E10A19B95518001EC88F /* FirstViewController.m */; };
		E536E10E19B95518001EC88F /* SecondViewController.m in Sources */ = {isa = PBXBuildFile; fileRef = E536E10D19B95518001EC88F /* SecondViewController.m */; };
		E536E11119B95518001EC88F /* Main.storyboard in Resources */ = {isa = PBXBuildFile; fileRef = E536E10F19B95518001EC88F /* Main.storyboard */; };
		E536E11319B95518001EC88F /* Images.xcassets in Resources */ = {isa = PBXBuildFile; fileRef = E536E11219B95518001EC88F /* Images.xcassets */; };
		E536E11F19B95518001EC88F /* NCDriveTests.m in Sources */ = {isa = PBXBuildFile; fileRef = E536E11E19B95518001EC88F /* NCDriveTests.m */; };
/* End PBXBuildFile section */

/* Begin PBXContainerItemProxy section */
		E536E11919B95518001EC88F /* PBXContainerItemProxy */ = {
			isa = PBXContainerItemProxy;
			containerPortal = E536E0F719B95518001EC88F /* Project object */;
			proxyType = 1;
			remoteGlobalIDString = E536E0FE19B95518001EC88F;
			remoteInfo = NCDrive;
		};
/* End PBXContainerItemProxy section */

/* Begin PBXFileReference section */
		E536E0FF19B95518001EC88F /* NCDrive.app */ = {isa = PBXFileReference; explicitFileType = wrapper.application; includeInIndex = 0; path = NCDrive.app; sourceTree = BUILT_PRODUCTS_DIR; };
		E536E10319B95518001EC88F /* Info.plist */ = {isa = PBXFileReference; lastKnownFileType = text.plist.xml; path = Info.plist; sourceTree = "<group>"; };
		E536E10419B95518001EC88F /* main.m */ = {isa = PBXFileReference; lastKnownFileType = sourcecode.c.objc; path = main.m; sourceTree = "<group>"; };
		E536E10619B95518001EC88F /* AppDelegate.h */ = {isa = PBXFileReference; lastKnownFileType = sourcecode.c.h; path = AppDelegate.h; sourceTree = "<group>"; };
		E536E10719B95518001EC88F /* AppDelegate.m */ = {isa = PBXFileReference; lastKnownFileType = sourcecode.c.objc; path = AppDelegate.m; sourceTree = "<group>"; };
		E536E10919B95518001EC88F /* FirstViewController.h */ = {isa = PBXFileReference; lastKnownFileType = sourcecode.c.h; path = FirstViewController.h; sourceTree = "<group>"; };
		E536E10A19B95518001EC88F /* FirstViewController.m */ = {isa = PBXFileReference; lastKnownFileType = sourcecode.c.objc; path = FirstViewController.m; sourceTree = "<group>"; };
		E536E10C19B95518001EC88F /* SecondViewController.h */ = {isa = PBXFileReference; lastKnownFileType = sourcecode.c.h; path = SecondViewController.h; sourceTree = "<group>"; };
		E536E10D19B95518001EC88F /* SecondViewController.m */ = {isa = PBXFileReference; lastKnownFileType = sourcecode.c.objc; path = SecondViewController.m; sourceTree = "<group>"; };
		E536E11019B95518001EC88F /* Base */ = {isa = PBXFileReference; lastKnownFileType = file.storyboard; name = Base; path = Base.lproj/Main.storyboard; sourceTree = "<group>"; };
		E536E11219B95518001EC88F /* Images.xcassets */ = {isa = PBXFileReference; lastKnownFileType = folder.assetcatalog; path = Images.xcassets; sourceTree = "<group>"; };
		E536E11819B95518001EC88F /* NCDriveTests.xctest */ = {isa = PBXFileReference; explicitFileType = wrapper.cfbundle; includeInIndex = 0; path = NCDriveTests.xctest; sourceTree = BUILT_PRODUCTS_DIR; };
		E536E11D19B95518001EC88F /* Info.plist */ = {isa = PBXFileReference; lastKnownFileType = text.plist.xml; path = Info.plist; sourceTree = "<group>"; };
		E536E11E19B95518001EC88F /* NCDriveTests.m */ = {isa = PBXFileReference; lastKnownFileType = sourcecode.c.objc; path = NCDriveTests.m; sourceTree = "<group>"; };
/* End PBXFileReference section */

/* Begin PBXFrameworksBuildPhase section */
		E536E0FC19B95518001EC88F /* Frameworks */ = {
			isa = PBXFrameworksBuildPhase;
			buildActionMask = 2147483647;
			files = (
			);
			runOnlyForDeploymentPostprocessing = 0;
		};
		E536E11519B95518001EC88F /* Frameworks */ = {
			isa = PBXFrameworksBuildPhase;
			buildActionMask = 2147483647;
			files = (
			);
			runOnlyForDeploymentPostprocessing = 0;
		};
/* End PBXFrameworksBuildPhase section */

/* Begin PBXGroup section */
		E536E0F619B95518001EC88F = {
			isa = PBXGroup;
			children = (
				E536E10119B95518001EC88F /* NCDrive */,
				E536E11B19B95518001EC88F /* NCDriveTests */,
				E536E10019B95518001EC88F /* Products */,
			);
			sourceTree = "<group>";
		};
		E536E10019B95518001EC88F /* Products */ = {
			isa = PBXGroup;
			children = (
				E536E0FF19B95518001EC88F /* NCDrive.app */,
				E536E11819B95518001EC88F /* NCDriveTests.xctest */,
			);
			name = Products;
			sourceTree = "<group>";
		};
		E536E10119B95518001EC88F /* NCDrive */ = {
			isa = PBXGroup;
			children = (
				E536E10619B95518001EC88F /* AppDelegate.h */,
				E536E10719B95518001EC88F /* AppDelegate.m */,
				E536E10919B95518001EC88F /* FirstViewController.h */,
				E536E10A19B95518001EC88F /* FirstViewController.m */,
				E536E10C19B95518001EC88F /* SecondViewController.h */,
				E536E10D19B95518001EC88F /* SecondViewController.m */,
				E536E10F19B95518001EC88F /* Main.storyboard */,
				E536E11219B95518001EC88F /* Images.xcassets */,
				E536E10219B95518001EC88F /* Supporting Files */,
			);
			path = NCDrive;
			sourceTree = "<group>";
		};
		E536E10219B95518001EC88F /* Supporting Files */ = {
			isa = PBXGroup;
			children = (
				E536E10319B95518001EC88F /* Info.plist */,
				E536E10419B95518001EC88F /* main.m */,
			);
			name = "Supporting Files";
			sourceTree = "<group>";
		};
		E536E11B19B95518001EC88F /* NCDriveTests */ = {
			isa = PBXGroup;
			children = (
				E536E11E19B95518001EC88F /* NCDriveTests.m */,
				E536E11C19B95518001EC88F /* Supporting Files */,
			);
			path = NCDriveTests;
			sourceTree = "<group>";
		};
		E536E11C19B95518001EC88F /* Supporting Files */ = {
			isa = PBXGroup;
			children = (
				E536E11D19B95518001EC88F /* Info.plist */,
			);
			name = "Supporting Files";
			sourceTree = "<group>";
		};
/* End PBXGroup section */

/* Begin PBXNativeTarget section */
		E536E0FE19B95518001EC88F /* NCDrive */ = {
			isa = PBXNativeTarget;
			buildConfigurationList = E536E12219B95518001EC88F /* Build configuration list for PBXNativeTarget "NCDrive" */;
			buildPhases = (
				E536E0FB19B95518001EC88F /* Sources */,
				E536E0FC19B95518001EC88F /* Frameworks */,
				E536E0FD19B95518001EC88F /* Resources */,
			);
			buildRules = (
			);
			dependencies = (
			);
			name = NCDrive;
			productName = NCDrive;
			productReference = E536E0FF19B95518001EC88F /* NCDrive.app */;
			productType = "com.apple.product-type.application";
		};
		E536E11719B95518001EC88F /* NCDriveTests */ = {
			isa = PBXNativeTarget;
			buildConfigurationList = E536E12519B95518001EC88F /* Build configuration list for PBXNativeTarget "NCDriveTests" */;
			buildPhases = (
				E536E11419B95518001EC88F /* Sources */,
				E536E11519B95518001EC88F /* Frameworks */,
				E536E11619B95518001EC88F /* Resources */,
			);
			buildRules = (
			);
			dependencies = (
				E536E11A19B95518001EC88F /* PBXTargetDependency */,
			);
			name = NCDriveTests;
			productName = NCDriveTests;
			productReference = E536E11819B95518001EC88F /* NCDriveTests.xctest */;
			productType = "com.apple.product-type.bundle.unit-test";
		};
/* End PBXNativeTarget section */

/* Begin PBXProject section */
		E536E0F719B95518001EC88F /* Project object */ = {
			isa = PBXProject;
			attributes = {
				LastUpgradeCheck = 0600;
				ORGANIZATIONNAME = JangJaeMan;
				TargetAttributes = {
					E536E0FE19B95518001EC88F = {
						CreatedOnToolsVersion = 6.0;
					};
					E536E11719B95518001EC88F = {
						CreatedOnToolsVersion = 6.0;
						TestTargetID = E536E0FE19B95518001EC88F;
					};
				};
			};
			buildConfigurationList = E536E0FA19B95518001EC88F /* Build configuration list for PBXProject "NCDrive" */;
			compatibilityVersion = "Xcode 3.2";
			developmentRegion = English;
			hasScannedForEncodings = 0;
			knownRegions = (
				en,
				Base,
			);
			mainGroup = E536E0F619B95518001EC88F;
			productRefGroup = E536E10019B95518001EC88F /* Products */;
			projectDirPath = "";
			projectRoot = "";
			targets = (
				E536E0FE19B95518001EC88F /* NCDrive */,
				E536E11719B95518001EC88F /* NCDriveTests */,
			);
		};
/* End PBXProject section */

/* Begin PBXResourcesBuildPhase section */
		E536E0FD19B95518001EC88F /* Resources */ = {
			isa = PBXResourcesBuildPhase;
			buildActionMask = 2147483647;
			files = (
				E536E11119B95518001EC88F /* Main.storyboard in Resources */,
				E536E11319B95518001EC88F /* Images.xcassets in Resources */,
			);
			runOnlyForDeploymentPostprocessing = 0;
		};
		E536E11619B95518001EC88F /* Resources */ = {
			isa = PBXResourcesBuildPhase;
			buildActionMask = 2147483647;
			files = (
			);
			runOnlyForDeploymentPostprocessing = 0;
		};
/* End PBXResourcesBuildPhase section */

/* Begin PBXSourcesBuildPhase section */
		E536E0FB19B95518001EC88F /* Sources */ = {
			isa = PBXSourcesBuildPhase;
			buildActionMask = 2147483647;
			files = (
				E536E10E19B95518001EC88F /* SecondViewController.m in Sources */,
				E536E10819B95518001EC88F /* AppDelegate.m in Sources */,
				E536E10B19B95518001EC88F /* FirstViewController.m in Sources */,
				E536E10519B95518001EC88F /* main.m in Sources */,
			);
			runOnlyForDeploymentPostprocessing = 0;
		};
		E536E11419B95518001EC88F /* Sources */ = {
			isa = PBXSourcesBuildPhase;
			buildActionMask = 2147483647;
			files = (
				E536E11F19B95518001EC88F /* NCDriveTests.m in Sources */,
			);
			runOnlyForDeploymentPostprocessing = 0;
		};
/* End PBXSourcesBuildPhase section */

/* Begin PBXTargetDependency section */
		E536E11A19B95518001EC88F /* PBXTargetDependency */ = {
			isa = PBXTargetDependency;
			target = E536E0FE19B95518001EC88F /* NCDrive */;
			targetProxy = E536E11919B95518001EC88F /* PBXContainerItemProxy */;
		};
/* End PBXTargetDependency section */

/* Begin PBXVariantGroup section */
		E536E10F19B95518001EC88F /* Main.storyboard */ = {
			isa = PBXVariantGroup;
			children = (
				E536E11019B95518001EC88F /* Base */,
			);
			name = Main.storyboard;
			sourceTree = "<group>";
		};
/* End PBXVariantGroup section */

/* Begin XCBuildConfiguration section */
		E536E12019B95518001EC88F /* Debug */ = {
			isa = XCBuildConfiguration;
			buildSettings = {
				ALWAYS_SEARCH_USER_PATHS = NO;
				CLANG_CXX_LANGUAGE_STANDARD = "gnu++0x";
				CLANG_CXX_LIBRARY = "libc++";
				CLANG_ENABLE_MODULES = YES;
				CLANG_ENABLE_OBJC_ARC = YES;
				CLANG_WARN_BOOL_CONVERSION = YES;
				CLANG_WARN_CONSTANT_CONVERSION = YES;
				CLANG_WARN_DIRECT_OBJC_ISA_USAGE = YES_ERROR;
				CLANG_WARN_EMPTY_BODY = YES;
				CLANG_WARN_ENUM_CONVERSION = YES;
				CLANG_WARN_INT_CONVERSION = YES;
				CLANG_WARN_OBJC_ROOT_CLASS = YES_ERROR;
				CLANG_WARN_UNREACHABLE_CODE = YES;
				CLANG_WARN__DUPLICATE_METHOD_MATCH = YES;
				"CODE_SIGN_IDENTITY[sdk=iphoneos*]" = "iPhone Developer";
				COPY_PHASE_STRIP = NO;
				ENABLE_STRICT_OBJC_MSGSEND = YES;
				GCC_C_LANGUAGE_STANDARD = gnu99;
				GCC_DYNAMIC_NO_PIC = NO;
				GCC_OPTIMIZATION_LEVEL = 0;
				GCC_PREPROCESSOR_DEFINITIONS = (
					"DEBUG=1",
					"$(inherited)",
				);
				GCC_SYMBOLS_PRIVATE_EXTERN = NO;
				GCC_WARN_64_TO_32_BIT_CONVERSION = YES;
				GCC_WARN_ABOUT_RETURN_TYPE = YES_ERROR;
				GCC_WARN_UNDECLARED_SELECTOR = YES;
				GCC_WARN_UNINITIALIZED_AUTOS = YES_AGGRESSIVE;
				GCC_WARN_UNUSED_FUNCTION = YES;
				GCC_WARN_UNUSED_VARIABLE = YES;
				IPHONEOS_DEPLOYMENT_TARGET = 8.0;
				MTL_ENABLE_DEBUG_INFO = YES;
				ONLY_ACTIVE_ARCH = YES;
				SDKROOT = iphoneos;
				TARGETED_DEVICE_FAMILY = "1,2";
			};
			name = Debug;
		};
		E536E12119B95518001EC88F /* Release */ = {
			isa = XCBuildConfiguration;
			buildSettings = {
				ALWAYS_SEARCH_USER_PATHS = NO;
				CLANG_CXX_LANGUAGE_STANDARD = "gnu++0x";
				CLANG_CXX_LIBRARY = "libc++";
				CLANG_ENABLE_MODULES = YES;
				CLANG_ENABLE_OBJC_ARC = YES;
				CLANG_WARN_BOOL_CONVERSION = YES;
				CLANG_WARN_CONSTANT_CONVERSION = YES;
				CLANG_WARN_DIRECT_OBJC_ISA_USAGE = YES_ERROR;
				CLANG_WARN_EMPTY_BODY = YES;
				CLANG_WARN_ENUM_CONVERSION = YES;
				CLANG_WARN_INT_CONVERSION = YES;
				CLANG_WARN_OBJC_ROOT_CLASS = YES_ERROR;
				CLANG_WARN_UNREACHABLE_CODE = YES;
				CLANG_WARN__DUPLICATE_METHOD_MATCH = YES;
				"CODE_SIGN_IDENTITY[sdk=iphoneos*]" = "iPhone Developer";
				COPY_PHASE_STRIP = YES;
				ENABLE_NS_ASSERTIONS = NO;
				ENABLE_STRICT_OBJC_MSGSEND = YES;
				GCC_C_LANGUAGE_STANDARD = gnu99;
				GCC_WARN_64_TO_32_BIT_CONVERSION = YES;
				GCC_WARN_ABOUT_RETURN_TYPE = YES_ERROR;
				GCC_WARN_UNDECLARED_SELECTOR = YES;
				GCC_WARN_UNINITIALIZED_AUTOS = YES_AGGRESSIVE;
				GCC_WARN_UNUSED_FUNCTION = YES;
				GCC_WARN_UNUSED_VARIABLE = YES;
				IPHONEOS_DEPLOYMENT_TARGET = 8.0;
				MTL_ENABLE_DEBUG_INFO = NO;
				SDKROOT = iphoneos;
				TARGETED_DEVICE_FAMILY = "1,2";
				VALIDATE_PRODUCT = YES;
			};
			name = Release;
		};
		E536E12319B95518001EC88F /* Debug */ = {
			isa = XCBuildConfiguration;
			buildSettings = {
				ASSETCATALOG_COMPILER_APPICON_NAME = AppIcon;
				ASSETCATALOG_COMPILER_LAUNCHIMAGE_NAME = LaunchImage;
				INFOPLIST_FILE = NCDrive/Info.plist;
				LD_RUNPATH_SEARCH_PATHS = "$(inherited) @executable_path/Frameworks";
				PRODUCT_NAME = "$(TARGET_NAME)";
			};
			name = Debug;
		};
		E536E12419B95518001EC88F /* Release */ = {
			isa = XCBuildConfiguration;
			buildSettings = {
				ASSETCATALOG_COMPILER_APPICON_NAME = AppIcon;
				ASSETCATALOG_COMPILER_LAUNCHIMAGE_NAME = LaunchImage;
				INFOPLIST_FILE = NCDrive/Info.plist;
				LD_RUNPATH_SEARCH_PATHS = "$(inherited) @executable_path/Frameworks";
				PRODUCT_NAME = "$(TARGET_NAME)";
			};
			name = Release;
		};
		E536E12619B95518001EC88F /* Debug */ = {
			isa = XCBuildConfiguration;
			buildSettings = {
				BUNDLE_LOADER = "$(TEST_HOST)";
				FRAMEWORK_SEARCH_PATHS = (
					"$(SDKROOT)/Developer/Library/Frameworks",
					"$(inherited)",
				);
				GCC_PREPROCESSOR_DEFINITIONS = (
					"DEBUG=1",
					"$(inherited)",
				);
				INFOPLIST_FILE = NCDriveTests/Info.plist;
				LD_RUNPATH_SEARCH_PATHS = "$(inherited) @executable_path/Frameworks @loader_path/Frameworks";
				PRODUCT_NAME = "$(TARGET_NAME)";
				TEST_HOST = "$(BUILT_PRODUCTS_DIR)/NCDrive.app/NCDrive";
			};
			name = Debug;
		};
		E536E12719B95518001EC88F /* Release */ = {
			isa = XCBuildConfiguration;
			buildSettings = {
				BUNDLE_LOADER = "$(TEST_HOST)";
				FRAMEWORK_SEARCH_PATHS = (
					"$(SDKROOT)/Developer/Library/Frameworks",
					"$(inherited)",
				);
				INFOPLIST_FILE = NCDriveTests/Info.plist;
				LD_RUNPATH_SEARCH_PATHS = "$(inherited) @executable_path/Frameworks @loader_path/Frameworks";
				PRODUCT_NAME = "$(TARGET_NAME)";
				TEST_HOST = "$(BUILT_PRODUCTS_DIR)/NCDrive.app/NCDrive";
			};
			name = Release;
		};
/* End XCBuildConfiguration section */

/* Begin XCConfigurationList section */
		E536E0FA19B95518001EC88F /* Build configuration list for PBXProject "NCDrive" */ = {
			isa = XCConfigurationList;
			buildConfigurations = (
				E536E12019B95518001EC88F /* Debug */,
				E536E12119B95518001EC88F /* Release */,
			);
			defaultConfigurationIsVisible = 0;
			defaultConfigurationName = Release;
		};
		E536E12219B95518001EC88F /* Build configuration list for PBXNativeTarget "NCDrive" */ = {
			isa = XCConfigurationList;
			buildConfigurations = (
				E536E12319B95518001EC88F /* Debug */,
				E536E12419B95518001EC88F /* Release */,
			);
			defaultConfigurationIsVisible = 0;
		};
		E536E12519B95518001EC88F /* Build configuration list for PBXNativeTarget "NCDriveTests" */ = {
			isa = XCConfigurationList;
			buildConfigurations = (
				E536E12619B95518001EC88F /* Debug */,
				E536E12719B95518001EC88F /* Release */,
			);
			defaultConfigurationIsVisible = 0;
		};
/* End XCConfigurationList section */
	};
	rootObject = E536E0F719B95518001EC88F /* Project object */;
}
